
Microsoft Visual Studio Solution File, Format Version 12.00
# Visual Studio Version 16
VisualStudioVersion = 16.0.29613.14
MinimumVisualStudioVersion = 10.0.40219.1
Project("{9A19103F-16F7-4668-BE54-9A1E7A4F7556}") = "QuantumEntanglement.Quantum", "QuantumEntanglement.Quantum\QuantumEntanglement.Quantum.csproj", "{88B4863E-BC18-4810-AFCF-6E217C144DCA}"
EndProject
Project("{FAE04EC0-301F-11D3-BF4B-00C04F79EFBC}") = "QuantumEntanglement", "QuantumEntanglement\QuantumEntanglement.csproj", "{E51A0B33-5869-4DB0-A2B7-2379E3FAAB7C}"
EndProject
Global
	GlobalSection(SolutionConfigurationPlatforms) = preSolution
		Debug|Any CPU = Debug|Any CPU
		Release|Any CPU = Release|Any CPU
	EndGlobalSection
	GlobalSection(ProjectConfigurationPlatforms) = postSolution
		{88B4863E-BC18-4810-AFCF-6E217C144DCA}.Debug|Any CPU.ActiveCfg = Debug|Any CPU
		{88B4863E-BC18-4810-AFCF-6E217C144DCA}.Debug|Any CPU.Build.0 = Debug|Any CPU
		{88B4863E-BC18-4810-AFCF-6E217C144DCA}.Release|Any CPU.ActiveCfg = Release|Any CPU
		{88B4863E-BC18-4810-AFCF-6E217C144DCA}.Release|Any CPU.Build.0 = Release|Any CPU
		{E51A0B33-5869-4DB0-A2B7-2379E3FAAB7C}.Debug|Any CPU.ActiveCfg = Debug|Any CPU
		{E51A0B33-5869-4DB0-A2B7-2379E3FAAB7C}.Debug|Any CPU.Build.0 = Debug|Any CPU
		{E51A0B33-5869-4DB0-A2B7-2379E3FAAB7C}.Release|Any CPU.ActiveCfg = Release|Any CPU
		{E51A0B33-5869-4DB0-A2B7-2379E3FAAB7C}.Release|Any CPU.Build.0 = Release|Any CPU
	EndGlobalSection
	GlobalSection(SolutionProperties) = preSolution
		HideSolutionNode = FALSE
	EndGlobalSection
	GlobalSection(ExtensibilityGlobals) = postSolution
		SolutionGuid = {81AA723B-CA11-4650-B373-E086A39D9D01}
	EndGlobalSection
EndGlobal
